
Microsoft Visual Studio Solution File, Format Version 12.00
# Visual Studio 14
VisualStudioVersion = 14.0.25420.1
MinimumVisualStudioVersion = 10.0.40219.1
Project("{FAE04EC0-301F-11D3-BF4B-00C04F79EFBC}") = "EpisodeWebservice", "EpisodeWebservice\EpisodeWebservice.csproj", "{422016A7-3FD7-4BD1-B1B2-8ECC51FB5DCA}"
EndProject
Project("{FAE04EC0-301F-11D3-BF4B-00C04F79EFBC}") = "EpisodeWebserviceTests", "EpisodeWebserviceTests\EpisodeWebserviceTests.csproj", "{EAE1CBC2-371F-4239-9EB3-891DD98BF722}"
EndProject
Global
	GlobalSection(SolutionConfigurationPlatforms) = preSolution
		Debug|Any CPU = Debug|Any CPU
		Release|Any CPU = Release|Any CPU
	EndGlobalSection
	GlobalSection(ProjectConfigurationPlatforms) = postSolution
		{422016A7-3FD7-4BD1-B1B2-8ECC51FB5DCA}.Debug|Any CPU.ActiveCfg = Debug|Any CPU
		{422016A7-3FD7-4BD1-B1B2-8ECC51FB5DCA}.Debug|Any CPU.Build.0 = Debug|Any CPU
		{422016A7-3FD7-4BD1-B1B2-8ECC51FB5DCA}.Release|Any CPU.ActiveCfg = Release|Any CPU
		{422016A7-3FD7-4BD1-B1B2-8ECC51FB5DCA}.Release|Any CPU.Build.0 = Release|Any CPU
		{EAE1CBC2-371F-4239-9EB3-891DD98BF722}.Debug|Any CPU.ActiveCfg = Debug|Any CPU
		{EAE1CBC2-371F-4239-9EB3-891DD98BF722}.Debug|Any CPU.Build.0 = Debug|Any CPU
		{EAE1CBC2-371F-4239-9EB3-891DD98BF722}.Release|Any CPU.ActiveCfg = Release|Any CPU
		{EAE1CBC2-371F-4239-9EB3-891DD98BF722}.Release|Any CPU.Build.0 = Release|Any CPU
	EndGlobalSection
	GlobalSection(SolutionProperties) = preSolution
		HideSolutionNode = FALSE
	EndGlobalSection
EndGlobal
